{
  "name": "ts",
  "version": "1.0.0",
  "lockfileVersion": 2,
  "requires": true,
  "packages": {
    "": {
      "name": "ts",
      "version": "1.0.0",
      "license": "ISC",
      "dependencies": {
        "java-bridge": "^2.8.1"
      },
      "devDependencies": {
        "@types/node": "^25.3.5",
        "ts-node": "^10.9.2",
        "typescript": "^5.9.3"
      }
    },
    "node_modules/@cspotcode/source-map-support": {
      "version": "0.8.1",
      "resolved": "http://172.21.65.123:5050/repository/npm_group/@cspotcode/source-map-support/-/source-map-support-0.8.1.tgz",
      "integrity": "sha512-IchNf6dN4tHoMFIn/7OE8LWZ19Y6q/67Bmf6vnGREv8RSbBVb9LPJxEcnwrcwX6ixSvaiGoomAUvu4YSxXrVgw==",
      "dev": true,
      "license": "MIT",
      "dependencies": {
        "@jridgewell/trace-mapping": "0.3.9"
      },
      "engines": {
        "node": ">=12"
      }
    },
    "node_modules/@jridgewell/resolve-uri": {
      "version": "3.1.2",
      "resolved": "http://172.21.65.123:5050/repository/npm_group/@jridgewell/resolve-uri/-/resolve-uri-3.1.2.tgz",
      "integrity": "sha512-bRISgCIjP20/tbWSPWMEi54QVPRZExkuD9lJL+UIxUKtwVJA8wW1Trb1jMs1RFXo1CBTNZ/5hpC9QvmKWdopKw==",
      "dev": true,
      "license": "MIT",
      "engines": {
        "node": ">=6.0.0"
      }
    },
    "node_modules/@jridgewell/sourcemap-codec": {
      "version": "1.5.5",
      "resolved": "http://172.21.65.123:5050/repository/npm_group/@jridgewell/sourcemap-codec/-/sourcemap-codec-1.5.5.tgz",
      "integrity": "sha512-cYQ9310grqxueWbl+WuIUIaiUaDcj7WOq5fVhEljNVgRfOUhY9fy2zTvfoqWsnebh8Sl70VScFbICvJnLKB0Og==",
      "dev": true,
      "license": "MIT"
    },
    "node_modules/@jridgewell/trace-mapping": {
      "version": "0.3.9",
      "resolved": "http://172.21.65.123:5050/repository/npm_group/@jridgewell/trace-mapping/-/trace-mapping-0.3.9.tgz",
      "integrity": "sha512-3Belt6tdc8bPgAtbcmdtNJlirVoTmEb5e2gC94PnkwEW9jI6CAHUeoG85tjWP5WquqfavoMtMwiG4P926ZKKuQ==",
      "dev": true,
      "license": "MIT",
      "dependencies": {
        "@jridgewell/resolve-uri": "^3.0.3",
        "@jridgewell/sourcemap-codec": "^1.4.10"
      }
    },
    "node_modules/@tsconfig/node10": {
      "version": "1.0.12",
      "resolved": "http://172.21.65.123:5050/repository/npm_group/@tsconfig/node10/-/node10-1.0.12.tgz",
      "integrity": "sha512-UCYBaeFvM11aU2y3YPZ//O5Rhj+xKyzy7mvcIoAjASbigy8mHMryP5cK7dgjlz2hWxh1g5pLw084E0a/wlUSFQ==",
      "dev": true,
      "license": "MIT"
    },
    "node_modules/@tsconfig/node12": {
      "version": "1.0.11",
      "resolved": "http://172.21.65.123:5050/repository/npm_group/@tsconfig/node12/-/node12-1.0.11.tgz",
      "integrity": "sha512-cqefuRsh12pWyGsIoBKJA9luFu3mRxCA+ORZvA4ktLSzIuCUtWVxGIuXigEwO5/ywWFMZ2QEGKWvkZG1zDMTag==",
      "dev": true,
      "license": "MIT"
    },
    "node_modules/@tsconfig/node14": {
      "version": "1.0.3",
      "resolved": "http://172.21.65.123:5050/repository/npm_group/@tsconfig/node14/-/node14-1.0.3.tgz",
      "integrity": "sha512-ysT8mhdixWK6Hw3i1V2AeRqZ5WfXg1G43mqoYlM2nc6388Fq5jcXyr5mRsqViLx/GJYdoL0bfXD8nmF+Zn/Iow==",
      "dev": true,
      "license": "MIT"
    },
    "node_modules/@tsconfig/node16": {
      "version": "1.0.4",
      "resolved": "http://172.21.65.123:5050/repository/npm_group/@tsconfig/node16/-/node16-1.0.4.tgz",
      "integrity": "sha512-vxhUy4J8lyeyinH7Azl1pdd43GJhZH/tP2weN8TntQblOY+A0XbT8DJk1/oCPuOOyg/Ja757rG0CgHcWC8OfMA==",
      "dev": true,
      "license": "MIT"
    },
    "node_modules/@types/node": {
      "version": "25.3.5",
      "resolved": "http://172.21.65.123:5050/repository/npm_group/@types/node/-/node-25.3.5.tgz",
      "integrity": "sha512-oX8xrhvpiyRCQkG1MFchB09f+cXftgIXb3a7UUa4Y3wpmZPw5tyZGTLWhlESOLq1Rq6oDlc8npVU2/9xiCuXMA==",
      "dev": true,
      "license": "MIT",
      "dependencies": {
        "undici-types": "~7.18.0"
      }
    },
    "node_modules/acorn": {
      "version": "8.16.0",
      "resolved": "http://172.21.65.123:5050/repository/npm_group/acorn/-/acorn-8.16.0.tgz",
      "integrity": "sha512-UVJyE9MttOsBQIDKw1skb9nAwQuR5wuGD3+82K6JgJlm/Y+KI92oNsMNGZCYdDsVtRHSak0pcV5Dno5+4jh9sw==",
      "dev": true,
      "license": "MIT",
      "bin": {
        "acorn": "bin/acorn"
      },
      "engines": {
        "node": ">=0.4.0"
      }
    },
    "node_modules/acorn-walk": {
      "version": "8.3.5",
      "resolved": "http://172.21.65.123:5050/repository/npm_group/acorn-walk/-/acorn-walk-8.3.5.tgz",
      "integrity": "sha512-HEHNfbars9v4pgpW6SO1KSPkfoS0xVOM/9UzkJltjlsHZmJasxg8aXkuZa7SMf8vKGIBhpUsPluQSqhJFCqebw==",
      "dev": true,
      "license": "MIT",
      "dependencies": {
        "acorn": "^8.11.0"
      },
      "engines": {
        "node": ">=0.4.0"
      }
    },
    "node_modules/arg": {
      "version": "4.1.3",
      "resolved": "http://172.21.65.123:5050/repository/npm_group/arg/-/arg-4.1.3.tgz",
      "integrity": "sha512-58S9QDqG0Xx27YwPSt9fJxivjYl432YCwfDMfZ+71RAqUrZef7LrKQZ3LHLOwCS4FLNBplP533Zx895SeOCHvA==",
      "dev": true,
      "license": "MIT"
    },
    "node_modules/create-require": {
      "version": "1.1.1",
      "resolved": "http://172.21.65.123:5050/repository/npm_group/create-require/-/create-require-1.1.1.tgz",
      "integrity": "sha512-dcKFX3jn0MpIaXjisoRvexIJVEKzaq7z2rZKxf+MSr9TkdmHmsU4m2lcLojrj/FHl8mk5VxMmYA+ftRkP/3oKQ==",
      "dev": true,
      "license": "MIT"
    },
    "node_modules/diff": {
      "version": "4.0.4",
      "resolved": "http://172.21.65.123:5050/repository/npm_group/diff/-/diff-4.0.4.tgz",
      "integrity": "sha512-X07nttJQkwkfKfvTPG/KSnE2OMdcUCao6+eXF3wmnIQRn2aPAHH3VxDbDOdegkd6JbPsXqShpvEOHfAT+nCNwQ==",
      "dev": true,
      "license": "BSD-3-Clause",
      "engines": {
        "node": ">=0.3.1"
      }
    },
    "node_modules/java-bridge": {
      "version": "2.8.1",
      "resolved": "http://172.21.65.123:5050/repository/npm_group/java-bridge/-/java-bridge-2.8.1.tgz",
      "integrity": "sha512-5z3c3r4cQaACk53UoLrTTJSm3gLtkz9/xOyd1gSWOcK+E7+qVwnA9hjuPUz7NrhfitavYs/eJX5//9q9Yiu5Pw==",
      "license": "MIT",
      "engines": {
        "node": ">= 15"
      },
      "optionalDependencies": {
        "java-bridge-darwin-arm64": "2.8.1",
        "java-bridge-darwin-x64": "2.8.1",
        "java-bridge-linux-arm64-gnu": "2.8.1",
        "java-bridge-linux-x64-gnu": "2.8.1",
        "java-bridge-linux-x64-musl": "2.8.1",
        "java-bridge-win32-ia32-msvc": "2.8.1",
        "java-bridge-win32-x64-msvc": "2.8.1"
      }
    },
    "node_modules/java-bridge-darwin-arm64": {
      "version": "2.8.1",
      "resolved": "http://172.21.65.123:5050/repository/npm_group/java-bridge-darwin-arm64/-/java-bridge-darwin-arm64-2.8.1.tgz",
      "integrity": "sha512-29XDECsF7Qf1P+rbezTTetRUcl6ampsEFmOauyPzuZGZHmcw368s5c47LkQOVm2GxjnATMG41LhDPKK7TA+mXA==",
      "cpu": [
        "arm64"
      ],
      "license": "MIT",
      "optional": true,
      "os": [
        "darwin"
      ],
      "engines": {
        "node": ">= 10"
      }
    },
    "node_modules/java-bridge-darwin-x64": {
      "version": "2.8.1",
      "resolved": "http://172.21.65.123:5050/repository/npm_group/java-bridge-darwin-x64/-/java-bridge-darwin-x64-2.8.1.tgz",
      "integrity": "sha512-DCDGZbetRnT/pMkT8zbjNorZGImpQUFXhqDXfLOFFlEfvE/SWz8rjcfIJP8f+T8EIlnaRDaNyEa9NvWhm9C4aQ==",
      "cpu": [
        "x64"
      ],
      "license": "MIT",
      "optional": true,
      "os": [
        "darwin"
      ],
      "engines": {
        "node": ">= 10"
      }
    },
    "node_modules/java-bridge-linux-arm64-gnu": {
      "version": "2.8.1",
      "resolved": "http://172.21.65.123:5050/repository/npm_group/java-bridge-linux-arm64-gnu/-/java-bridge-linux-arm64-gnu-2.8.1.tgz",
      "integrity": "sha512-j4xYKonqoydSUKFw4nLkdQSPSszIp2mHzX4nl24GnRmIhP+Dc1XZyh+KVDswMQdaNeYVb6ZEfaA3+DGe5o/bIg==",
      "cpu": [
        "arm64"
      ],
      "license": "MIT",
      "optional": true,
      "os": [
        "linux"
      ],
      "engines": {
        "node": ">= 10"
      }
    },
    "node_modules/java-bridge-linux-x64-gnu": {
      "version": "2.8.1",
      "resolved": "http://172.21.65.123:5050/repository/npm_group/java-bridge-linux-x64-gnu/-/java-bridge-linux-x64-gnu-2.8.1.tgz",
      "integrity": "sha512-mbXiFSd3t3usmZXGQFYdiDM9K38DGyG72EMbFtaJ0bIfx7kK6T209G46sqGFnL5BR3KCTauQfFITyRyFjWVN6A==",
      "cpu": [
        "x64"
      ],
      "license": "MIT",
      "optional": true,
      "os": [
        "linux"
      ],
      "engines": {
        "node": ">= 10"
      }
    },
    "node_modules/java-bridge-linux-x64-musl": {
      "version": "2.8.1",
      "resolved": "http://172.21.65.123:5050/repository/npm_group/java-bridge-linux-x64-musl/-/java-bridge-linux-x64-musl-2.8.1.tgz",
      "integrity": "sha512-hWdfMe2ndhCa7/40LbjtV14bUcxQd7IluT2XPOTvfhf46+u51QVbDTr2sjoxkPouGRYYtfCazukR7iUGRx1RiA==",
      "cpu": [
        "x64"
      ],
      "license": "MIT",
      "optional": true,
      "os": [
        "linux"
      ],
      "engines": {
        "node": ">= 15"
      }
    },
    "node_modules/java-bridge-win32-ia32-msvc": {
      "version": "2.8.1",
      "resolved": "http://172.21.65.123:5050/repository/npm_group/java-bridge-win32-ia32-msvc/-/java-bridge-win32-ia32-msvc-2.8.1.tgz",
      "integrity": "sha512-gdPgVo61iSk0TuTky5551kgUbZEH4hgKpfpFg4UbJ7N1QaCNlpv8i6T9td1cHzwENuwqh/hb3YurFT+u2UqUvQ==",
      "cpu": [
        "ia32"
      ],
      "license": "MIT",
      "optional": true,
      "os": [
        "win32"
      ],
      "engines": {
        "node": ">= 10"
      }
    },
    "node_modules/java-bridge-win32-x64-msvc": {
      "version": "2.8.1",
      "resolved": "http://172.21.65.123:5050/repository/npm_group/java-bridge-win32-x64-msvc/-/java-bridge-win32-x64-msvc-2.8.1.tgz",
      "integrity": "sha512-38+pgZ5uqQshjxVDDOuTSrYpXLLArA/p38p4qJ1K188pQUN2XdbO/No5duOKC6P6jwaRExrykhMrR3T9h9WYIQ==",
      "cpu": [
        "x64"
      ],
      "license": "MIT",
      "optional": true,
      "os": [
        "win32"
      ],
      "engines": {
        "node": ">= 10"
      }
    },
    "node_modules/make-error": {
      "version": "1.3.6",
      "resolved": "http://172.21.65.123:5050/repository/npm_group/make-error/-/make-error-1.3.6.tgz",
      "integrity": "sha512-s8UhlNe7vPKomQhC1qFelMokr/Sc3AgNbso3n74mVPA5LTZwkB9NlXf4XPamLxJE8h0gh73rM94xvwRT2CVInw==",
      "dev": true,
      "license": "ISC"
    },
    "node_modules/ts-node": {
      "version": "10.9.2",
      "resolved": "http://172.21.65.123:5050/repository/npm_group/ts-node/-/ts-node-10.9.2.tgz",
      "integrity": "sha512-f0FFpIdcHgn8zcPSbf1dRevwt047YMnaiJM3u2w2RewrB+fob/zePZcrOyQoLMMO7aBIddLcQIEK5dYjkLnGrQ==",
      "dev": true,
      "license": "MIT",
      "dependencies": {
        "@cspotcode/source-map-support": "^0.8.0",
        "@tsconfig/node10": "^1.0.7",
        "@tsconfig/node12": "^1.0.7",
        "@tsconfig/node14": "^1.0.0",
        "@tsconfig/node16": "^1.0.2",
        "acorn": "^8.4.1",
        "acorn-walk": "^8.1.1",
        "arg": "^4.1.0",
        "create-require": "^1.1.0",
        "diff": "^4.0.1",
        "make-error": "^1.1.1",
        "v8-compile-cache-lib": "^3.0.1",
        "yn": "3.1.1"
      },
      "bin": {
        "ts-node": "dist/bin.js",
        "ts-node-cwd": "dist/bin-cwd.js",
        "ts-node-esm": "dist/bin-esm.js",
        "ts-node-script": "dist/bin-script.js",
        "ts-node-transpile-only": "dist/bin-transpile.js",
        "ts-script": "dist/bin-script-deprecated.js"
      },
      "peerDependencies": {
        "@swc/core": ">=1.2.50",
        "@swc/wasm": ">=1.2.50",
        "@types/node": "*",
        "typescript": ">=2.7"
      },
      "peerDependenciesMeta": {
        "@swc/core": {
          "optional": true
        },
        "@swc/wasm": {
          "optional": true
        }
      }
    },
    "node_modules/typescript": {
      "version": "5.9.3",
      "resolved": "http://172.21.65.123:5050/repository/npm_group/typescript/-/typescript-5.9.3.tgz",
      "integrity": "sha512-jl1vZzPDinLr9eUt3J/t7V6FgNEw9QjvBPdysz9KfQDD41fQrC2Y4vKQdiaUpFT4bXlb1RHhLpp8wtm6M5TgSw==",
      "dev": true,
      "license": "Apache-2.0",
      "bin": {
        "tsc": "bin/tsc",
        "tsserver": "bin/tsserver"
      },
      "engines": {
        "node": ">=14.17"
      }
    },
    "node_modules/undici-types": {
      "version": "7.18.2",
      "resolved": "http://172.21.65.123:5050/repository/npm_group/undici-types/-/undici-types-7.18.2.tgz",
      "integrity": "sha512-AsuCzffGHJybSaRrmr5eHr81mwJU3kjw6M+uprWvCXiNeN9SOGwQ3Jn8jb8m3Z6izVgknn1R0FTCEAP2QrLY/w==",
      "dev": true,
      "license": "MIT"
    },
    "node_modules/v8-compile-cache-lib": {
      "version": "3.0.1",
      "resolved": "http://172.21.65.123:5050/repository/npm_group/v8-compile-cache-lib/-/v8-compile-cache-lib-3.0.1.tgz",
      "integrity": "sha512-wa7YjyUGfNZngI/vtK0UHAN+lgDCxBPCylVXGp0zu59Fz5aiGtNXaq3DhIov063MorB+VfufLh3JlF2KdTK3xg==",
      "dev": true,
      "license": "MIT"
    },
    "node_modules/yn": {
      "version": "3.1.1",
      "resolved": "http://172.21.65.123:5050/repository/npm_group/yn/-/yn-3.1.1.tgz",
      "integrity": "sha512-Ux4ygGWsu2c7isFWe8Yu1YluJmqVhxqK2cLXNQA5AcC3QfbGNpM7fu0Y8b/z16pXLnFxZYvWhd3fhBY9DLmC6Q==",
      "dev": true,
      "license": "MIT",
      "engines": {
        "node": ">=6"
      }
    }
  },
  "dependencies": {
    "@cspotcode/source-map-support": {
      "version": "0.8.1",
      "resolved": "http://172.21.65.123:5050/repository/npm_group/@cspotcode/source-map-support/-/source-map-support-0.8.1.tgz",
      "integrity": "sha512-IchNf6dN4tHoMFIn/7OE8LWZ19Y6q/67Bmf6vnGREv8RSbBVb9LPJxEcnwrcwX6ixSvaiGoomAUvu4YSxXrVgw==",
      "dev": true,
      "requires": {
        "@jridgewell/trace-mapping": "0.3.9"
      }
    },
    "@jridgewell/resolve-uri": {
      "version": "3.1.2",
      "resolved": "http://172.21.65.123:5050/repository/npm_group/@jridgewell/resolve-uri/-/resolve-uri-3.1.2.tgz",
      "integrity": "sha512-bRISgCIjP20/tbWSPWMEi54QVPRZExkuD9lJL+UIxUKtwVJA8wW1Trb1jMs1RFXo1CBTNZ/5hpC9QvmKWdopKw==",
      "dev": true
    },
    "@jridgewell/sourcemap-codec": {
      "version": "1.5.5",
      "resolved": "http://172.21.65.123:5050/repository/npm_group/@jridgewell/sourcemap-codec/-/sourcemap-codec-1.5.5.tgz",
      "integrity": "sha512-cYQ9310grqxueWbl+WuIUIaiUaDcj7WOq5fVhEljNVgRfOUhY9fy2zTvfoqWsnebh8Sl70VScFbICvJnLKB0Og==",
      "dev": true
    },
    "@jridgewell/trace-mapping": {
      "version": "0.3.9",
      "resolved": "http://172.21.65.123:5050/repository/npm_group/@jridgewell/trace-mapping/-/trace-mapping-0.3.9.tgz",
      "integrity": "sha512-3Belt6tdc8bPgAtbcmdtNJlirVoTmEb5e2gC94PnkwEW9jI6CAHUeoG85tjWP5WquqfavoMtMwiG4P926ZKKuQ==",
      "dev": true,
      "requires": {
        "@jridgewell/resolve-uri": "^3.0.3",
        "@jridgewell/sourcemap-codec": "^1.4.10"
      }
    },
    "@tsconfig/node10": {
      "version": "1.0.12",
      "resolved": "http://172.21.65.123:5050/repository/npm_group/@tsconfig/node10/-/node10-1.0.12.tgz",
      "integrity": "sha512-UCYBaeFvM11aU2y3YPZ//O5Rhj+xKyzy7mvcIoAjASbigy8mHMryP5cK7dgjlz2hWxh1g5pLw084E0a/wlUSFQ==",
      "dev": true
    },
    "@tsconfig/node12": {
      "version": "1.0.11",
      "resolved": "http://172.21.65.123:5050/repository/npm_group/@tsconfig/node12/-/node12-1.0.11.tgz",
      "integrity": "sha512-cqefuRsh12pWyGsIoBKJA9luFu3mRxCA+ORZvA4ktLSzIuCUtWVxGIuXigEwO5/ywWFMZ2QEGKWvkZG1zDMTag==",
      "dev": true
    },
    "@tsconfig/node14": {
      "version": "1.0.3",
      "resolved": "http://172.21.65.123:5050/repository/npm_group/@tsconfig/node14/-/node14-1.0.3.tgz",
      "integrity": "sha512-ysT8mhdixWK6Hw3i1V2AeRqZ5WfXg1G43mqoYlM2nc6388Fq5jcXyr5mRsqViLx/GJYdoL0bfXD8nmF+Zn/Iow==",
      "dev": true
    },
    "@tsconfig/node16": {
      "version": "1.0.4",
      "resolved": "http://172.21.65.123:5050/repository/npm_group/@tsconfig/node16/-/node16-1.0.4.tgz",
      "integrity": "sha512-vxhUy4J8lyeyinH7Azl1pdd43GJhZH/tP2weN8TntQblOY+A0XbT8DJk1/oCPuOOyg/Ja757rG0CgHcWC8OfMA==",
      "dev": true
    },
    "@types/node": {
      "version": "25.3.5",
      "resolved": "http://172.21.65.123:5050/repository/npm_group/@types/node/-/node-25.3.5.tgz",
      "integrity": "sha512-oX8xrhvpiyRCQkG1MFchB09f+cXftgIXb3a7UUa4Y3wpmZPw5tyZGTLWhlESOLq1Rq6oDlc8npVU2/9xiCuXMA==",
      "dev": true,
      "requires": {
        "undici-types": "~7.18.0"
      }
    },
    "acorn": {
      "version": "8.16.0",
      "resolved": "http://172.21.65.123:5050/repository/npm_group/acorn/-/acorn-8.16.0.tgz",
      "integrity": "sha512-UVJyE9MttOsBQIDKw1skb9nAwQuR5wuGD3+82K6JgJlm/Y+KI92oNsMNGZCYdDsVtRHSak0pcV5Dno5+4jh9sw==",
      "dev": true
    },
    "acorn-walk": {
      "version": "8.3.5",
      "resolved": "http://172.21.65.123:5050/repository/npm_group/acorn-walk/-/acorn-walk-8.3.5.tgz",
      "integrity": "sha512-HEHNfbars9v4pgpW6SO1KSPkfoS0xVOM/9UzkJltjlsHZmJasxg8aXkuZa7SMf8vKGIBhpUsPluQSqhJFCqebw==",
      "dev": true,
      "requires": {
        "acorn": "^8.11.0"
      }
    },
    "arg": {
      "version": "4.1.3",
      "resolved": "http://172.21.65.123:5050/repository/npm_group/arg/-/arg-4.1.3.tgz",
      "integrity": "sha512-58S9QDqG0Xx27YwPSt9fJxivjYl432YCwfDMfZ+71RAqUrZef7LrKQZ3LHLOwCS4FLNBplP533Zx895SeOCHvA==",
      "dev": true
    },
    "create-require": {
      "version": "1.1.1",
      "resolved": "http://172.21.65.123:5050/repository/npm_group/create-require/-/create-require-1.1.1.tgz",
      "integrity": "sha512-dcKFX3jn0MpIaXjisoRvexIJVEKzaq7z2rZKxf+MSr9TkdmHmsU4m2lcLojrj/FHl8mk5VxMmYA+ftRkP/3oKQ==",
      "dev": true
    },
    "diff": {
      "version": "4.0.4",
      "resolved": "http://172.21.65.123:5050/repository/npm_group/diff/-/diff-4.0.4.tgz",
      "integrity": "sha512-X07nttJQkwkfKfvTPG/KSnE2OMdcUCao6+eXF3wmnIQRn2aPAHH3VxDbDOdegkd6JbPsXqShpvEOHfAT+nCNwQ==",
      "dev": true
    },
    "java-bridge": {
      "version": "2.8.1",
      "resolved": "http://172.21.65.123:5050/repository/npm_group/java-bridge/-/java-bridge-2.8.1.tgz",
      "integrity": "sha512-5z3c3r4cQaACk53UoLrTTJSm3gLtkz9/xOyd1gSWOcK+E7+qVwnA9hjuPUz7NrhfitavYs/eJX5//9q9Yiu5Pw==",
      "requires": {
        "java-bridge-darwin-arm64": "2.8.1",
        "java-bridge-darwin-x64": "2.8.1",
        "java-bridge-linux-arm64-gnu": "2.8.1",
        "java-bridge-linux-x64-gnu": "2.8.1",
        "java-bridge-linux-x64-musl": "2.8.1",
        "java-bridge-win32-ia32-msvc": "2.8.1",
        "java-bridge-win32-x64-msvc": "2.8.1"
      }
    },
    "java-bridge-darwin-arm64": {
      "version": "2.8.1",
      "resolved": "http://172.21.65.123:5050/repository/npm_group/java-bridge-darwin-arm64/-/java-bridge-darwin-arm64-2.8.1.tgz",
      "integrity": "sha512-29XDECsF7Qf1P+rbezTTetRUcl6ampsEFmOauyPzuZGZHmcw368s5c47LkQOVm2GxjnATMG41LhDPKK7TA+mXA==",
      "optional": true
    },
    "java-bridge-darwin-x64": {
      "version": "2.8.1",
      "resolved": "http://172.21.65.123:5050/repository/npm_group/java-bridge-darwin-x64/-/java-bridge-darwin-x64-2.8.1.tgz",
      "integrity": "sha512-DCDGZbetRnT/pMkT8zbjNorZGImpQUFXhqDXfLOFFlEfvE/SWz8rjcfIJP8f+T8EIlnaRDaNyEa9NvWhm9C4aQ==",
      "optional": true
    },
    "java-bridge-linux-arm64-gnu": {
      "version": "2.8.1",
      "resolved": "http://172.21.65.123:5050/repository/npm_group/java-bridge-linux-arm64-gnu/-/java-bridge-linux-arm64-gnu-2.8.1.tgz",
      "integrity": "sha512-j4xYKonqoydSUKFw4nLkdQSPSszIp2mHzX4nl24GnRmIhP+Dc1XZyh+KVDswMQdaNeYVb6ZEfaA3+DGe5o/bIg==",
      "optional": true
    },
    "java-bridge-linux-x64-gnu": {
      "version": "2.8.1",
      "resolved": "http://172.21.65.123:5050/repository/npm_group/java-bridge-linux-x64-gnu/-/java-bridge-linux-x64-gnu-2.8.1.tgz",
      "integrity": "sha512-mbXiFSd3t3usmZXGQFYdiDM9K38DGyG72EMbFtaJ0bIfx7kK6T209G46sqGFnL5BR3KCTauQfFITyRyFjWVN6A==",
      "optional": true
    },
    "java-bridge-linux-x64-musl": {
      "version": "2.8.1",
      "resolved": "http://172.21.65.123:5050/repository/npm_group/java-bridge-linux-x64-musl/-/java-bridge-linux-x64-musl-2.8.1.tgz",
      "integrity": "sha512-hWdfMe2ndhCa7/40LbjtV14bUcxQd7IluT2XPOTvfhf46+u51QVbDTr2sjoxkPouGRYYtfCazukR7iUGRx1RiA==",
      "optional": true
    },
    "java-bridge-win32-ia32-msvc": {
      "version": "2.8.1",
      "resolved": "http://172.21.65.123:5050/repository/npm_group/java-bridge-win32-ia32-msvc/-/java-bridge-win32-ia32-msvc-2.8.1.tgz",
      "integrity": "sha512-gdPgVo61iSk0TuTky5551kgUbZEH4hgKpfpFg4UbJ7N1QaCNlpv8i6T9td1cHzwENuwqh/hb3YurFT+u2UqUvQ==",
      "optional": true
    },
    "java-bridge-win32-x64-msvc": {
      "version": "2.8.1",
      "resolved": "http://172.21.65.123:5050/repository/npm_group/java-bridge-win32-x64-msvc/-/java-bridge-win32-x64-msvc-2.8.1.tgz",
      "integrity": "sha512-38+pgZ5uqQshjxVDDOuTSrYpXLLArA/p38p4qJ1K188pQUN2XdbO/No5duOKC6P6jwaRExrykhMrR3T9h9WYIQ==",
      "optional": true
    },
    "make-error": {
      "version": "1.3.6",
      "resolved": "http://172.21.65.123:5050/repository/npm_group/make-error/-/make-error-1.3.6.tgz",
      "integrity": "sha512-s8UhlNe7vPKomQhC1qFelMokr/Sc3AgNbso3n74mVPA5LTZwkB9NlXf4XPamLxJE8h0gh73rM94xvwRT2CVInw==",
      "dev": true
    },
    "ts-node": {
      "version": "10.9.2",
      "resolved": "http://172.21.65.123:5050/repository/npm_group/ts-node/-/ts-node-10.9.2.tgz",
      "integrity": "sha512-f0FFpIdcHgn8zcPSbf1dRevwt047YMnaiJM3u2w2RewrB+fob/zePZcrOyQoLMMO7aBIddLcQIEK5dYjkLnGrQ==",
      "dev": true,
      "requires": {
        "@cspotcode/source-map-support": "^0.8.0",
        "@tsconfig/node10": "^1.0.7",
        "@tsconfig/node12": "^1.0.7",
        "@tsconfig/node14": "^1.0.0",
        "@tsconfig/node16": "^1.0.2",
        "acorn": "^8.4.1",
        "acorn-walk": "^8.1.1",
        "arg": "^4.1.0",
        "create-require": "^1.1.0",
        "diff": "^4.0.1",
        "make-error": "^1.1.1",
        "v8-compile-cache-lib": "^3.0.1",
        "yn": "3.1.1"
      }
    },
    "typescript": {
      "version": "5.9.3",
      "resolved": "http://172.21.65.123:5050/repository/npm_group/typescript/-/typescript-5.9.3.tgz",
      "integrity": "sha512-jl1vZzPDinLr9eUt3J/t7V6FgNEw9QjvBPdysz9KfQDD41fQrC2Y4vKQdiaUpFT4bXlb1RHhLpp8wtm6M5TgSw==",
      "dev": true
    },
    "undici-types": {
      "version": "7.18.2",
      "resolved": "http://172.21.65.123:5050/repository/npm_group/undici-types/-/undici-types-7.18.2.tgz",
      "integrity": "sha512-AsuCzffGHJybSaRrmr5eHr81mwJU3kjw6M+uprWvCXiNeN9SOGwQ3Jn8jb8m3Z6izVgknn1R0FTCEAP2QrLY/w==",
      "dev": true
    },
    "v8-compile-cache-lib": {
      "version": "3.0.1",
      "resolved": "http://172.21.65.123:5050/repository/npm_group/v8-compile-cache-lib/-/v8-compile-cache-lib-3.0.1.tgz",
      "integrity": "sha512-wa7YjyUGfNZngI/vtK0UHAN+lgDCxBPCylVXGp0zu59Fz5aiGtNXaq3DhIov063MorB+VfufLh3JlF2KdTK3xg==",
      "dev": true
    },
    "yn": {
      "version": "3.1.1",
      "resolved": "http://172.21.65.123:5050/repository/npm_group/yn/-/yn-3.1.1.tgz",
      "integrity": "sha512-Ux4ygGWsu2c7isFWe8Yu1YluJmqVhxqK2cLXNQA5AcC3QfbGNpM7fu0Y8b/z16pXLnFxZYvWhd3fhBY9DLmC6Q==",
      "dev": true
    }
  }
}
